
Microsoft Visual Studio Solution File, Format Version 12.00
# Visual Studio Version 17
VisualStudioVersion = 17.11.35222.181
MinimumVisualStudioVersion = 10.0.40219.1
Project("{FAE04EC0-301F-11D3-BF4B-00C04F79EFBC}") = "4m03ZgadnijLiczbe", "4m03ZgadnijLiczbe\4m03ZgadnijLiczbe.csproj", "{A711288B-ECAC-4120-85C0-94A0F78DBB72}"
EndProject
Global
	GlobalSection(SolutionConfigurationPlatforms) = preSolution
		Debug|Any CPU = Debug|Any CPU
		Release|Any CPU = Release|Any CPU
	EndGlobalSection
	GlobalSection(ProjectConfigurationPlatforms) = postSolution
		{A711288B-ECAC-4120-85C0-94A0F78DBB72}.Debug|Any CPU.ActiveCfg = Debug|Any CPU
		{A711288B-ECAC-4120-85C0-94A0F78DBB72}.Debug|Any CPU.Build.0 = Debug|Any CPU
		{A711288B-ECAC-4120-85C0-94A0F78DBB72}.Debug|Any CPU.Deploy.0 = Debug|Any CPU
		{A711288B-ECAC-4120-85C0-94A0F78DBB72}.Release|Any CPU.ActiveCfg = Release|Any CPU
		{A711288B-ECAC-4120-85C0-94A0F78DBB72}.Release|Any CPU.Build.0 = Release|Any CPU
		{A711288B-ECAC-4120-85C0-94A0F78DBB72}.Release|Any CPU.Deploy.0 = Release|Any CPU
	EndGlobalSection
	GlobalSection(SolutionProperties) = preSolution
		HideSolutionNode = FALSE
	EndGlobalSection
	GlobalSection(ExtensibilityGlobals) = postSolution
		SolutionGuid = {569B2CE2-E93A-457C-8F1C-1B080C1974D3}
	EndGlobalSection
EndGlobal
